{
  "name": "cv_comprehensive",
  "lockfileVersion": 3,
  "requires": true,
  "packages": {
    "": {
      "hasInstallScript": true,
      "dependencies": {
        "@fontsource/noto-sans-sc": "^5.2.9"
      }
    },
    "node_modules/@fontsource/noto-sans-sc": {
      "version": "5.2.9",
      "resolved": "https://registry.npmjs.org/@fontsource/noto-sans-sc/-/noto-sans-sc-5.2.9.tgz",
      "integrity": "sha512-bTUIWGBgJDpwi5qAr+x0/lcgv80IHTB9vl6s2f6EymZEa7qYV99yNRBZuKFT+SYDKVunZrjCEhWtpxqmbXWl5Q==",
      "license": "OFL-1.1",
      "funding": {
        "url": "https://github.com/sponsors/ayuhito"
      }
    }
  }
}
